
Microsoft Visual Studio Solution File, Format Version 12.00
# Visual Studio Version 17
VisualStudioVersion = 17.10.35027.167
MinimumVisualStudioVersion = 10.0.40219.1
Project("{FAE04EC0-301F-11D3-BF4B-00C04F79EFBC}") = "LibraryManagementSystem.API", "LibraryManagementSystem.API\LibraryManagementSystem.API.csproj", "{5305B93D-CEA7-45EB-9262-03E302C0DF0C}"
EndProject
Project("{FAE04EC0-301F-11D3-BF4B-00C04F79EFBC}") = "LibraryManagementSystem.Infrastructure", "LibraryManagementSystem.Infrastructure\LibraryManagementSystem.Infrastructure.csproj", "{1E1F20FF-027D-4151-857F-B2325C21D984}"
EndProject
Project("{FAE04EC0-301F-11D3-BF4B-00C04F79EFBC}") = "LibraryManagementSystem.Domain", "LibraryManagementSystem.Domain\LibraryManagementSystem.Domain.csproj", "{8EE02FF1-3A4A-4BCC-99C5-2B92C248A7BF}"
EndProject
Project("{FAE04EC0-301F-11D3-BF4B-00C04F79EFBC}") = "LibraryManagementSystem.Application", "LibraryManagementSystem.Application\LibraryManagementSystem.Application.csproj", "{2B8CE619-24BE-4378-85A2-E9A08D49DF0E}"
EndProject
Global
	GlobalSection(SolutionConfigurationPlatforms) = preSolution
		Debug|Any CPU = Debug|Any CPU
		Release|Any CPU = Release|Any CPU
	EndGlobalSection
	GlobalSection(ProjectConfigurationPlatforms) = postSolution
		{5305B93D-CEA7-45EB-9262-03E302C0DF0C}.Debug|Any CPU.ActiveCfg = Debug|Any CPU
		{5305B93D-CEA7-45EB-9262-03E302C0DF0C}.Debug|Any CPU.Build.0 = Debug|Any CPU
		{5305B93D-CEA7-45EB-9262-03E302C0DF0C}.Release|Any CPU.ActiveCfg = Release|Any CPU
		{5305B93D-CEA7-45EB-9262-03E302C0DF0C}.Release|Any CPU.Build.0 = Release|Any CPU
		{1E1F20FF-027D-4151-857F-B2325C21D984}.Debug|Any CPU.ActiveCfg = Debug|Any CPU
		{1E1F20FF-027D-4151-857F-B2325C21D984}.Debug|Any CPU.Build.0 = Debug|Any CPU
		{1E1F20FF-027D-4151-857F-B2325C21D984}.Release|Any CPU.ActiveCfg = Release|Any CPU
		{1E1F20FF-027D-4151-857F-B2325C21D984}.Release|Any CPU.Build.0 = Release|Any CPU
		{8EE02FF1-3A4A-4BCC-99C5-2B92C248A7BF}.Debug|Any CPU.ActiveCfg = Debug|Any CPU
		{8EE02FF1-3A4A-4BCC-99C5-2B92C248A7BF}.Debug|Any CPU.Build.0 = Debug|Any CPU
		{8EE02FF1-3A4A-4BCC-99C5-2B92C248A7BF}.Release|Any CPU.ActiveCfg = Release|Any CPU
		{8EE02FF1-3A4A-4BCC-99C5-2B92C248A7BF}.Release|Any CPU.Build.0 = Release|Any CPU
		{2B8CE619-24BE-4378-85A2-E9A08D49DF0E}.Debug|Any CPU.ActiveCfg = Debug|Any CPU
		{2B8CE619-24BE-4378-85A2-E9A08D49DF0E}.Debug|Any CPU.Build.0 = Debug|Any CPU
		{2B8CE619-24BE-4378-85A2-E9A08D49DF0E}.Release|Any CPU.ActiveCfg = Release|Any CPU
		{2B8CE619-24BE-4378-85A2-E9A08D49DF0E}.Release|Any CPU.Build.0 = Release|Any CPU
	EndGlobalSection
	GlobalSection(SolutionProperties) = preSolution
		HideSolutionNode = FALSE
	EndGlobalSection
	GlobalSection(ExtensibilityGlobals) = postSolution
		SolutionGuid = {FD290AC5-3E1D-40F9-9DB6-7EF5E52011F9}
	EndGlobalSection
EndGlobal
